// !$*UTF8*$!
{
	archiveVersion = 1;
	classes = {
	};
	objectVersion = 56;
	objects = {

/* Begin PBXBuildFile section */
		A2FFDDC72A39D21C003E24C4 /* AppDelegate.m in Sources */ = {isa = PBXBuildFile; fileRef = A2FFDDC62A39D21C003E24C4 /* AppDelegate.m */; };
		A2FFDDCA2A39D21C003E24C4 /* SceneDelegate.m in Sources */ = {isa = PBXBuildFile; fileRef = A2FFDDC92A39D21C003E24C4 /* SceneDelegate.m */; };
		A2FFDDCD2A39D21C003E24C4 /* ViewController.m in Sources */ = {isa = PBXBuildFile; fileRef = A2FFDDCC2A39D21C003E24C4 /* ViewController.m */; };
		A2FFDDD02A39D21C003E24C4 /* Main.storyboard in Resources */ = {isa = PBXBuildFile; fileRef = A2FFDDCE2A39D21C003E24C4 /* Main.storyboard */; };
		A2FFDDD22A39D21D003E24C4 /* Assets.xcassets in Resources */ = {isa = PBXBuildFile; fileRef = A2FFDDD12A39D21D003E24C4 /* Assets.xcassets */; };
		A2FFDDD52A39D21D003E24C4 /* LaunchScreen.storyboard in Resources */ = {isa = PBXBuildFile; fileRef = A2FFDDD32A39D21D003E24C4 /* LaunchScreen.storyboard */; };
		A2FFDDD82A39D21D003E24C4 /* main.m in Sources */ = {isa = PBXBuildFile; fileRef = A2FFDDD72A39D21D003E24C4 /* main.m */; };
		A2FFDDE02A39D306003E24C4 /* QuickCaptureSDK.framework in Frameworks */ = {isa = PBXBuildFile; fileRef = A2FFDDDF2A39D306003E24C4 /* QuickCaptureSDK.framework */; };
		A2FFDDE12A39D306003E24C4 /* QuickCaptureSDK.framework in Embed Frameworks */ = {isa = PBXBuildFile; fileRef = A2FFDDDF2A39D306003E24C4 /* QuickCaptureSDK.framework */; settings = {ATTRIBUTES = (CodeSignOnCopy, RemoveHeadersOnCopy, ); }; };
/* End PBXBuildFile section */

/* Begin PBXCopyFilesBuildPhase section */
		A2FFDDE22A39D306003E24C4 /* Embed Frameworks */ = {
			isa = PBXCopyFilesBuildPhase;
			buildActionMask = 2147483647;
			dstPath = "";
			dstSubfolderSpec = 10;
			files = (
				A2FFDDE12A39D306003E24C4 /* QuickCaptureSDK.framework in Embed Frameworks */,
			);
			name = "Embed Frameworks";
			runOnlyForDeploymentPostprocessing = 0;
		};
/* End PBXCopyFilesBuildPhase section */

/* Begin PBXFileReference section */
		A2FFDDC22A39D21C003E24C4 /* TestObjcApp.app */ = {isa = PBXFileReference; explicitFileType = wrapper.application; includeInIndex = 0; path = TestObjcApp.app; sourceTree = BUILT_PRODUCTS_DIR; };
		A2FFDDC52A39D21C003E24C4 /* AppDelegate.h */ = {isa = PBXFileReference; lastKnownFileType = sourcecode.c.h; path = AppDelegate.h; sourceTree = "<group>"; };
		A2FFDDC62A39D21C003E24C4 /* AppDelegate.m */ = {isa = PBXFileReference; lastKnownFileType = sourcecode.c.objc; path = AppDelegate.m; sourceTree = "<group>"; };
		A2FFDDC82A39D21C003E24C4 /* SceneDelegate.h */ = {isa = PBXFileReference; lastKnownFileType = sourcecode.c.h; path = SceneDelegate.h; sourceTree = "<group>"; };
		A2FFDDC92A39D21C003E24C4 /* SceneDelegate.m */ = {isa = PBXFileReference; lastKnownFileType = sourcecode.c.objc; path = SceneDelegate.m; sourceTree = "<group>"; };
		A2FFDDCB2A39D21C003E24C4 /* ViewController.h */ = {isa = PBXFileReference; lastKnownFileType = sourcecode.c.h; path = ViewController.h; sourceTree = "<group>"; };
		A2FFDDCC2A39D21C003E24C4 /* ViewController.m */ = {isa = PBXFileReference; lastKnownFileType = sourcecode.c.objc; path = ViewController.m; sourceTree = "<group>"; };
		A2FFDDCF2A39D21C003E24C4 /* Base */ = {isa = PBXFileReference; lastKnownFileType = file.storyboard; name = Base; path = Base.lproj/Main.storyboard; sourceTree = "<group>"; };
		A2FFDDD12A39D21D003E24C4 /* Assets.xcassets */ = {isa = PBXFileReference; lastKnownFileType = folder.assetcatalog; path = Assets.xcassets; sourceTree = "<group>"; };
		A2FFDDD42A39D21D003E24C4 /* Base */ = {isa = PBXFileReference; lastKnownFileType = file.storyboard; name = Base; path = Base.lproj/LaunchScreen.storyboard; sourceTree = "<group>"; };
		A2FFDDD62A39D21D003E24C4 /* Info.plist */ = {isa = PBXFileReference; lastKnownFileType = text.plist.xml; path = Info.plist; sourceTree = "<group>"; };
		A2FFDDD72A39D21D003E24C4 /* main.m */ = {isa = PBXFileReference; lastKnownFileType = sourcecode.c.objc; path = main.m; sourceTree = "<group>"; };
		A2FFDDDF2A39D306003E24C4 /* QuickCaptureSDK.framework */ = {isa = PBXFileReference; explicitFileType = wrapper.framework; path = QuickCaptureSDK.framework; sourceTree = BUILT_PRODUCTS_DIR; };
/* End PBXFileReference section */

/* Begin PBXFrameworksBuildPhase section */
		A2FFDDBF2A39D21C003E24C4 /* Frameworks */ = {
			isa = PBXFrameworksBuildPhase;
			buildActionMask = 2147483647;
			files = (
				A2FFDDE02A39D306003E24C4 /* QuickCaptureSDK.framework in Frameworks */,
			);
			runOnlyForDeploymentPostprocessing = 0;
		};
/* End PBXFrameworksBuildPhase section */

/* Begin PBXGroup section */
		A2FFDDB92A39D21C003E24C4 = {
			isa = PBXGroup;
			children = (
				A2FFDDC42A39D21C003E24C4 /* TestObjcApp */,
				A2FFDDC32A39D21C003E24C4 /* Products */,
				A2FFDDDE2A39D306003E24C4 /* Frameworks */,
			);
			sourceTree = "<group>";
		};
		A2FFDDC32A39D21C003E24C4 /* Products */ = {
			isa = PBXGroup;
			children = (
				A2FFDDC22A39D21C003E24C4 /* TestObjcApp.app */,
			);
			name = Products;
			sourceTree = "<group>";
		};
		A2FFDDC42A39D21C003E24C4 /* TestObjcApp */ = {
			isa = PBXGroup;
			children = (
				A2FFDDC52A39D21C003E24C4 /* AppDelegate.h */,
				A2FFDDC62A39D21C003E24C4 /* AppDelegate.m */,
				A2FFDDC82A39D21C003E24C4 /* SceneDelegate.h */,
				A2FFDDC92A39D21C003E24C4 /* SceneDelegate.m */,
				A2FFDDCB2A39D21C003E24C4 /* ViewController.h */,
				A2FFDDCC2A39D21C003E24C4 /* ViewController.m */,
				A2FFDDCE2A39D21C003E24C4 /* Main.storyboard */,
				A2FFDDD12A39D21D003E24C4 /* Assets.xcassets */,
				A2FFDDD32A39D21D003E24C4 /* LaunchScreen.storyboard */,
				A2FFDDD62A39D21D003E24C4 /* Info.plist */,
				A2FFDDD72A39D21D003E24C4 /* main.m */,
			);
			path = TestObjcApp;
			sourceTree = "<group>";
		};
		A2FFDDDE2A39D306003E24C4 /* Frameworks */ = {
			isa = PBXGroup;
			children = (
				A2FFDDDF2A39D306003E24C4 /* QuickCaptureSDK.framework */,
			);
			name = Frameworks;
			sourceTree = "<group>";
		};
/* End PBXGroup section */

/* Begin PBXNativeTarget section */
		A2FFDDC12A39D21C003E24C4 /* TestObjcApp */ = {
			isa = PBXNativeTarget;
			buildConfigurationList = A2FFDDDB2A39D21D003E24C4 /* Build configuration list for PBXNativeTarget "TestObjcApp" */;
			buildPhases = (
				A2FFDDBE2A39D21C003E24C4 /* Sources */,
				A2FFDDBF2A39D21C003E24C4 /* Frameworks */,
				A2FFDDC02A39D21C003E24C4 /* Resources */,
				A2FFDDE22A39D306003E24C4 /* Embed Frameworks */,
			);
			buildRules = (
			);
			dependencies = (
			);
			name = TestObjcApp;
			productName = TestObjcApp;
			productReference = A2FFDDC22A39D21C003E24C4 /* TestObjcApp.app */;
			productType = "com.apple.product-type.application";
		};
/* End PBXNativeTarget section */

/* Begin PBXProject section */
		A2FFDDBA2A39D21C003E24C4 /* Project object */ = {
			isa = PBXProject;
			attributes = {
				BuildIndependentTargetsInParallel = 1;
				LastUpgradeCheck = 1420;
				TargetAttributes = {
					A2FFDDC12A39D21C003E24C4 = {
						CreatedOnToolsVersion = 14.2;
					};
				};
			};
			buildConfigurationList = A2FFDDBD2A39D21C003E24C4 /* Build configuration list for PBXProject "TestObjcApp" */;
			compatibilityVersion = "Xcode 14.0";
			developmentRegion = en;
			hasScannedForEncodings = 0;
			knownRegions = (
				en,
				Base,
			);
			mainGroup = A2FFDDB92A39D21C003E24C4;
			productRefGroup = A2FFDDC32A39D21C003E24C4 /* Products */;
			projectDirPath = "";
			projectRoot = "";
			targets = (
				A2FFDDC12A39D21C003E24C4 /* TestObjcApp */,
			);
		};
/* End PBXProject section */

/* Begin PBXResourcesBuildPhase section */
		A2FFDDC02A39D21C003E24C4 /* Resources */ = {
			isa = PBXResourcesBuildPhase;
			buildActionMask = 2147483647;
			files = (
				A2FFDDD52A39D21D003E24C4 /* LaunchScreen.storyboard in Resources */,
				A2FFDDD22A39D21D003E24C4 /* Assets.xcassets in Resources */,
				A2FFDDD02A39D21C003E24C4 /* Main.storyboard in Resources */,
			);
			runOnlyForDeploymentPostprocessing = 0;
		};
/* End PBXResourcesBuildPhase section */

/* Begin PBXSourcesBuildPhase section */
		A2FFDDBE2A39D21C003E24C4 /* Sources */ = {
			isa = PBXSourcesBuildPhase;
			buildActionMask = 2147483647;
			files = (
				A2FFDDCD2A39D21C003E24C4 /* ViewController.m in Sources */,
				A2FFDDC72A39D21C003E24C4 /* AppDelegate.m in Sources */,
				A2FFDDD82A39D21D003E24C4 /* main.m in Sources */,
				A2FFDDCA2A39D21C003E24C4 /* SceneDelegate.m in Sources */,
			);
			runOnlyForDeploymentPostprocessing = 0;
		};
/* End PBXSourcesBuildPhase section */

/* Begin PBXVariantGroup section */
		A2FFDDCE2A39D21C003E24C4 /* Main.storyboard */ = {
			isa = PBXVariantGroup;
			children = (
				A2FFDDCF2A39D21C003E24C4 /* Base */,
			);
			name = Main.storyboard;
			sourceTree = "<group>";
		};
		A2FFDDD32A39D21D003E24C4 /* LaunchScreen.storyboard */ = {
			isa = PBXVariantGroup;
			children = (
				A2FFDDD42A39D21D003E24C4 /* Base */,
			);
			name = LaunchScreen.storyboard;
			sourceTree = "<group>";
		};
/* End PBXVariantGroup section */

/* Begin XCBuildConfiguration section */
		A2FFDDD92A39D21D003E24C4 /* Debug */ = {
			isa = XCBuildConfiguration;
			buildSettings = {
				ALWAYS_SEARCH_USER_PATHS = NO;
				CLANG_ANALYZER_NONNULL = YES;
				CLANG_ANALYZER_NUMBER_OBJECT_CONVERSION = YES_AGGRESSIVE;
				CLANG_CXX_LANGUAGE_STANDARD = "gnu++20";
				CLANG_ENABLE_MODULES = YES;
				CLANG_ENABLE_OBJC_ARC = YES;
				CLANG_ENABLE_OBJC_WEAK = YES;
				CLANG_WARN_BLOCK_CAPTURE_AUTORELEASING = YES;
				CLANG_WARN_BOOL_CONVERSION = YES;
				CLANG_WARN_COMMA = YES;
				CLANG_WARN_CONSTANT_CONVERSION = YES;
				CLANG_WARN_DEPRECATED_OBJC_IMPLEMENTATIONS = YES;
				CLANG_WARN_DIRECT_OBJC_ISA_USAGE = YES_ERROR;
				CLANG_WARN_DOCUMENTATION_COMMENTS = YES;
				CLANG_WARN_EMPTY_BODY = YES;
				CLANG_WARN_ENUM_CONVERSION = YES;
				CLANG_WARN_INFINITE_RECURSION = YES;
				CLANG_WARN_INT_CONVERSION = YES;
				CLANG_WARN_NON_LITERAL_NULL_CONVERSION = YES;
				CLANG_WARN_OBJC_IMPLICIT_RETAIN_SELF = YES;
				CLANG_WARN_OBJC_LITERAL_CONVERSION = YES;
				CLANG_WARN_OBJC_ROOT_CLASS = YES_ERROR;
				CLANG_WARN_QUOTED_INCLUDE_IN_FRAMEWORK_HEADER = YES;
				CLANG_WARN_RANGE_LOOP_ANALYSIS = YES;
				CLANG_WARN_STRICT_PROTOTYPES = YES;
				CLANG_WARN_SUSPICIOUS_MOVE = YES;
				CLANG_WARN_UNGUARDED_AVAILABILITY = YES_AGGRESSIVE;
				CLANG_WARN_UNREACHABLE_CODE = YES;
				CLANG_WARN__DUPLICATE_METHOD_MATCH = YES;
				COPY_PHASE_STRIP = NO;
				DEBUG_INFORMATION_FORMAT = dwarf;
				ENABLE_STRICT_OBJC_MSGSEND = YES;
				ENABLE_TESTABILITY = YES;
				GCC_C_LANGUAGE_STANDARD = gnu11;
				GCC_DYNAMIC_NO_PIC = NO;
				GCC_NO_COMMON_BLOCKS = YES;
				GCC_OPTIMIZATION_LEVEL = 0;
				GCC_PREPROCESSOR_DEFINITIONS = (
					"DEBUG=1",
					"$(inherited)",
				);
				GCC_WARN_64_TO_32_BIT_CONVERSION = YES;
				GCC_WARN_ABOUT_RETURN_TYPE = YES_ERROR;
				GCC_WARN_UNDECLARED_SELECTOR = YES;
				GCC_WARN_UNINITIALIZED_AUTOS = YES_AGGRESSIVE;
				GCC_WARN_UNUSED_FUNCTION = YES;
				GCC_WARN_UNUSED_VARIABLE = YES;
				IPHONEOS_DEPLOYMENT_TARGET = 16.2;
				MTL_ENABLE_DEBUG_INFO = INCLUDE_SOURCE;
				MTL_FAST_MATH = YES;
				ONLY_ACTIVE_ARCH = YES;
				SDKROOT = iphoneos;
			};
			name = Debug;
		};
		A2FFDDDA2A39D21D003E24C4 /* Release */ = {
			isa = XCBuildConfiguration;
			buildSettings = {
				ALWAYS_SEARCH_USER_PATHS = NO;
				CLANG_ANALYZER_NONNULL = YES;
				CLANG_ANALYZER_NUMBER_OBJECT_CONVERSION = YES_AGGRESSIVE;
				CLANG_CXX_LANGUAGE_STANDARD = "gnu++20";
				CLANG_ENABLE_MODULES = YES;
				CLANG_ENABLE_OBJC_ARC = YES;
				CLANG_ENABLE_OBJC_WEAK = YES;
				CLANG_WARN_BLOCK_CAPTURE_AUTORELEASING = YES;
				CLANG_WARN_BOOL_CONVERSION = YES;
				CLANG_WARN_COMMA = YES;
				CLANG_WARN_CONSTANT_CONVERSION = YES;
				CLANG_WARN_DEPRECATED_OBJC_IMPLEMENTATIONS = YES;
				CLANG_WARN_DIRECT_OBJC_ISA_USAGE = YES_ERROR;
				CLANG_WARN_DOCUMENTATION_COMMENTS = YES;
				CLANG_WARN_EMPTY_BODY = YES;
				CLANG_WARN_ENUM_CONVERSION = YES;
				CLANG_WARN_INFINITE_RECURSION = YES;
				CLANG_WARN_INT_CONVERSION = YES;
				CLANG_WARN_NON_LITERAL_NULL_CONVERSION = YES;
				CLANG_WARN_OBJC_IMPLICIT_RETAIN_SELF = YES;
				CLANG_WARN_OBJC_LITERAL_CONVERSION = YES;
				CLANG_WARN_OBJC_ROOT_CLASS = YES_ERROR;
				CLANG_WARN_QUOTED_INCLUDE_IN_FRAMEWORK_HEADER = YES;
				CLANG_WARN_RANGE_LOOP_ANALYSIS = YES;
				CLANG_WARN_STRICT_PROTOTYPES = YES;
				CLANG_WARN_SUSPICIOUS_MOVE = YES;
				CLANG_WARN_UNGUARDED_AVAILABILITY = YES_AGGRESSIVE;
				CLANG_WARN_UNREACHABLE_CODE = YES;
				CLANG_WARN__DUPLICATE_METHOD_MATCH = YES;
				COPY_PHASE_STRIP = NO;
				DEBUG_INFORMATION_FORMAT = "dwarf-with-dsym";
				ENABLE_NS_ASSERTIONS = NO;
				ENABLE_STRICT_OBJC_MSGSEND = YES;
				GCC_C_LANGUAGE_STANDARD = gnu11;
				GCC_NO_COMMON_BLOCKS = YES;
				GCC_WARN_64_TO_32_BIT_CONVERSION = YES;
				GCC_WARN_ABOUT_RETURN_TYPE = YES_ERROR;
				GCC_WARN_UNDECLARED_SELECTOR = YES;
				GCC_WARN_UNINITIALIZED_AUTOS = YES_AGGRESSIVE;
				GCC_WARN_UNUSED_FUNCTION = YES;
				GCC_WARN_UNUSED_VARIABLE = YES;
				IPHONEOS_DEPLOYMENT_TARGET = 16.2;
				MTL_ENABLE_DEBUG_INFO = NO;
				MTL_FAST_MATH = YES;
				SDKROOT = iphoneos;
				VALIDATE_PRODUCT = YES;
			};
			name = Release;
		};
		A2FFDDDC2A39D21D003E24C4 /* Debug */ = {
			isa = XCBuildConfiguration;
			buildSettings = {
				ASSETCATALOG_COMPILER_APPICON_NAME = AppIcon;
				ASSETCATALOG_COMPILER_GLOBAL_ACCENT_COLOR_NAME = AccentColor;
				CODE_SIGN_STYLE = Automatic;
				CURRENT_PROJECT_VERSION = 1;
				DEVELOPMENT_TEAM = SF3Z2K36RZ;
				GENERATE_INFOPLIST_FILE = YES;
				INFOPLIST_FILE = TestObjcApp/Info.plist;
				INFOPLIST_KEY_UIApplicationSupportsIndirectInputEvents = YES;
				INFOPLIST_KEY_UILaunchStoryboardName = LaunchScreen;
				INFOPLIST_KEY_UIMainStoryboardFile = Main;
				INFOPLIST_KEY_UISupportedInterfaceOrientations_iPad = "UIInterfaceOrientationPortrait UIInterfaceOrientationPortraitUpsideDown UIInterfaceOrientationLandscapeLeft UIInterfaceOrientationLandscapeRight";
				INFOPLIST_KEY_UISupportedInterfaceOrientations_iPhone = "UIInterfaceOrientationPortrait UIInterfaceOrientationLandscapeLeft UIInterfaceOrientationLandscapeRight";
				IPHONEOS_DEPLOYMENT_TARGET = 11.0;
				LD_RUNPATH_SEARCH_PATHS = (
					"$(inherited)",
					"@executable_path/Frameworks",
				);
				MARKETING_VERSION = 1.0;
				PRODUCT_BUNDLE_IDENTIFIER = com.extrieve.QuickCaptureTestDemo.TestSwiftApp;
				PRODUCT_NAME = "$(TARGET_NAME)";
				SWIFT_EMIT_LOC_STRINGS = YES;
				TARGETED_DEVICE_FAMILY = "1,2";
			};
			name = Debug;
		};
		A2FFDDDD2A39D21D003E24C4 /* Release */ = {
			isa = XCBuildConfiguration;
			buildSettings = {
				ASSETCATALOG_COMPILER_APPICON_NAME = AppIcon;
				ASSETCATALOG_COMPILER_GLOBAL_ACCENT_COLOR_NAME = AccentColor;
				CODE_SIGN_STYLE = Automatic;
				CURRENT_PROJECT_VERSION = 1;
				DEVELOPMENT_TEAM = SF3Z2K36RZ;
				GENERATE_INFOPLIST_FILE = YES;
				INFOPLIST_FILE = TestObjcApp/Info.plist;
				INFOPLIST_KEY_UIApplicationSupportsIndirectInputEvents = YES;
				INFOPLIST_KEY_UILaunchStoryboardName = LaunchScreen;
				INFOPLIST_KEY_UIMainStoryboardFile = Main;
				INFOPLIST_KEY_UISupportedInterfaceOrientations_iPad = "UIInterfaceOrientationPortrait UIInterfaceOrientationPortraitUpsideDown UIInterfaceOrientationLandscapeLeft UIInterfaceOrientationLandscapeRight";
				INFOPLIST_KEY_UISupportedInterfaceOrientations_iPhone = "UIInterfaceOrientationPortrait UIInterfaceOrientationLandscapeLeft UIInterfaceOrientationLandscapeRight";
				IPHONEOS_DEPLOYMENT_TARGET = 11.0;
				LD_RUNPATH_SEARCH_PATHS = (
					"$(inherited)",
					"@executable_path/Frameworks",
				);
				MARKETING_VERSION = 1.0;
				PRODUCT_BUNDLE_IDENTIFIER = com.extrieve.QuickCaptureTestDemo.TestSwiftApp;
				PRODUCT_NAME = "$(TARGET_NAME)";
				SWIFT_EMIT_LOC_STRINGS = YES;
				TARGETED_DEVICE_FAMILY = "1,2";
			};
			name = Release;
		};
/* End XCBuildConfiguration section */

/* Begin XCConfigurationList section */
		A2FFDDBD2A39D21C003E24C4 /* Build configuration list for PBXProject "TestObjcApp" */ = {
			isa = XCConfigurationList;
			buildConfigurations = (
				A2FFDDD92A39D21D003E24C4 /* Debug */,
				A2FFDDDA2A39D21D003E24C4 /* Release */,
			);
			defaultConfigurationIsVisible = 0;
			defaultConfigurationName = Release;
		};
		A2FFDDDB2A39D21D003E24C4 /* Build configuration list for PBXNativeTarget "TestObjcApp" */ = {
			isa = XCConfigurationList;
			buildConfigurations = (
				A2FFDDDC2A39D21D003E24C4 /* Debug */,
				A2FFDDDD2A39D21D003E24C4 /* Release */,
			);
			defaultConfigurationIsVisible = 0;
			defaultConfigurationName = Release;
		};
/* End XCConfigurationList section */
	};
	rootObject = A2FFDDBA2A39D21C003E24C4 /* Project object */;
}
